
Microsoft Visual Studio Solution File, Format Version 12.00
# Visual Studio Version 17
VisualStudioVersion = 17.4.33213.308
MinimumVisualStudioVersion = 10.0.40219.1
Project("{FAE04EC0-301F-11D3-BF4B-00C04F79EFBC}") = "CodingTest", "CodingTest\CodingTest.csproj", "{829B74CB-1E37-4586-BC4D-2826A6562400}"
EndProject
Project("{FAE04EC0-301F-11D3-BF4B-00C04F79EFBC}") = "UnitTests", "UnitTests\UnitTests.csproj", "{F7018FBF-E5BF-4876-81EC-8410E944A386}"
EndProject
Global
	GlobalSection(SolutionConfigurationPlatforms) = preSolution
		Debug|Any CPU = Debug|Any CPU
		Release|Any CPU = Release|Any CPU
	EndGlobalSection
	GlobalSection(ProjectConfigurationPlatforms) = postSolution
		{829B74CB-1E37-4586-BC4D-2826A6562400}.Debug|Any CPU.ActiveCfg = Debug|Any CPU
		{829B74CB-1E37-4586-BC4D-2826A6562400}.Debug|Any CPU.Build.0 = Debug|Any CPU
		{829B74CB-1E37-4586-BC4D-2826A6562400}.Release|Any CPU.ActiveCfg = Release|Any CPU
		{829B74CB-1E37-4586-BC4D-2826A6562400}.Release|Any CPU.Build.0 = Release|Any CPU
		{F7018FBF-E5BF-4876-81EC-8410E944A386}.Debug|Any CPU.ActiveCfg = Debug|Any CPU
		{F7018FBF-E5BF-4876-81EC-8410E944A386}.Debug|Any CPU.Build.0 = Debug|Any CPU
		{F7018FBF-E5BF-4876-81EC-8410E944A386}.Release|Any CPU.ActiveCfg = Release|Any CPU
		{F7018FBF-E5BF-4876-81EC-8410E944A386}.Release|Any CPU.Build.0 = Release|Any CPU
	EndGlobalSection
	GlobalSection(SolutionProperties) = preSolution
		HideSolutionNode = FALSE
	EndGlobalSection
	GlobalSection(ExtensibilityGlobals) = postSolution
		SolutionGuid = {E202C111-9047-465E-BA4A-A1442061394D}
	EndGlobalSection
EndGlobal
